
Microsoft Visual Studio Solution File, Format Version 12.00
# Visual Studio Version 17
VisualStudioVersion = 17.14.36203.30 d17.14
MinimumVisualStudioVersion = 10.0.40219.1
Project("{FAE04EC0-301F-11D3-BF4B-00C04F79EFBC}") = "SystemMonitor", "SystemMonitor\SystemMonitor.csproj", "{9F7E55CB-7E8C-496F-9A1D-F88E62AC402B}"
EndProject
Global
	GlobalSection(SolutionConfigurationPlatforms) = preSolution
		Debug|Any CPU = Debug|Any CPU
		Release|Any CPU = Release|Any CPU
	EndGlobalSection
	GlobalSection(ProjectConfigurationPlatforms) = postSolution
		{9F7E55CB-7E8C-496F-9A1D-F88E62AC402B}.Debug|Any CPU.ActiveCfg = Debug|Any CPU
		{9F7E55CB-7E8C-496F-9A1D-F88E62AC402B}.Debug|Any CPU.Build.0 = Debug|Any CPU
		{9F7E55CB-7E8C-496F-9A1D-F88E62AC402B}.Release|Any CPU.ActiveCfg = Release|Any CPU
		{9F7E55CB-7E8C-496F-9A1D-F88E62AC402B}.Release|Any CPU.Build.0 = Release|Any CPU
	EndGlobalSection
	GlobalSection(SolutionProperties) = preSolution
		HideSolutionNode = FALSE
	EndGlobalSection
	GlobalSection(ExtensibilityGlobals) = postSolution
		SolutionGuid = {6DE84686-334B-483B-A361-66354769DCC4}
	EndGlobalSection
EndGlobal
